
Microsoft Visual Studio Solution File, Format Version 12.00
# Visual Studio Version 17
VisualStudioVersion = 17.5.33424.131
MinimumVisualStudioVersion = 10.0.40219.1
Project("{FAE04EC0-301F-11D3-BF4B-00C04F79EFBC}") = "MatchGameproject2", "MatchGameproject2\MatchGameproject2.csproj", "{11BB0F69-4B95-4589-A813-B06DF0E401FA}"
EndProject
Global
	GlobalSection(SolutionConfigurationPlatforms) = preSolution
		Debug|Any CPU = Debug|Any CPU
		Release|Any CPU = Release|Any CPU
	EndGlobalSection
	GlobalSection(ProjectConfigurationPlatforms) = postSolution
		{11BB0F69-4B95-4589-A813-B06DF0E401FA}.Debug|Any CPU.ActiveCfg = Debug|Any CPU
		{11BB0F69-4B95-4589-A813-B06DF0E401FA}.Debug|Any CPU.Build.0 = Debug|Any CPU
		{11BB0F69-4B95-4589-A813-B06DF0E401FA}.Release|Any CPU.ActiveCfg = Release|Any CPU
		{11BB0F69-4B95-4589-A813-B06DF0E401FA}.Release|Any CPU.Build.0 = Release|Any CPU
	EndGlobalSection
	GlobalSection(SolutionProperties) = preSolution
		HideSolutionNode = FALSE
	EndGlobalSection
	GlobalSection(ExtensibilityGlobals) = postSolution
		SolutionGuid = {38E482D9-C6E4-4F39-8483-067C76FC5F2B}
	EndGlobalSection
EndGlobal
